
Microsoft Visual Studio Solution File, Format Version 12.00
# Visual Studio Version 17
VisualStudioVersion = 17.14.36401.2
MinimumVisualStudioVersion = 10.0.40219.1
Project("{FAE04EC0-301F-11D3-BF4B-00C04F79EFBC}") = "MathCore.HackRF", "MathCore.HackRF\MathCore.HackRF.csproj", "{416DDE4B-B511-470C-83F5-0E866D2D669F}"
EndProject
Global
	GlobalSection(SolutionConfigurationPlatforms) = preSolution
		Debug|Any CPU = Debug|Any CPU
		Release|Any CPU = Release|Any CPU
	EndGlobalSection
	GlobalSection(ProjectConfigurationPlatforms) = postSolution
		{416DDE4B-B511-470C-83F5-0E866D2D669F}.Debug|Any CPU.ActiveCfg = Debug|Any CPU
		{416DDE4B-B511-470C-83F5-0E866D2D669F}.Debug|Any CPU.Build.0 = Debug|Any CPU
		{416DDE4B-B511-470C-83F5-0E866D2D669F}.Release|Any CPU.ActiveCfg = Release|Any CPU
		{416DDE4B-B511-470C-83F5-0E866D2D669F}.Release|Any CPU.Build.0 = Release|Any CPU
	EndGlobalSection
	GlobalSection(SolutionProperties) = preSolution
		HideSolutionNode = FALSE
	EndGlobalSection
	GlobalSection(ExtensibilityGlobals) = postSolution
		SolutionGuid = {38C57C2E-4415-428F-8154-4DF684EA1779}
	EndGlobalSection
EndGlobal
